
Microsoft Visual Studio Solution File, Format Version 12.00
# Visual Studio 15
Project("{FAE04EC0-301F-11D3-BF4B-00C04F79EFBC}") = "Assembly-CSharp", "Assembly-CSharp.csproj", "{1829F46F-66CF-BE7D-2480-50C7E7347AC9}"
EndProject
Project("{FAE04EC0-301F-11D3-BF4B-00C04F79EFBC}") = "Assembly-CSharp-firstpass", "Assembly-CSharp-firstpass.csproj", "{D9CBF46F-3677-13A0-CF62-4A0A8D0BF299}"
EndProject
Project("{FAE04EC0-301F-11D3-BF4B-00C04F79EFBC}") = "Assembly-CSharp-Editor-firstpass", "Assembly-CSharp-Editor-firstpass.csproj", "{211B4024-4651-48CD-2839-5F158BB822AE}"
EndProject
Global
	GlobalSection(SolutionConfigurationPlatforms) = preSolution
		Debug|Any CPU = Debug|Any CPU
		Release|Any CPU = Release|Any CPU
	EndGlobalSection
	GlobalSection(ProjectConfigurationPlatforms) = postSolution
		{1829F46F-66CF-BE7D-2480-50C7E7347AC9}.Debug|Any CPU.ActiveCfg = Debug|Any CPU
		{1829F46F-66CF-BE7D-2480-50C7E7347AC9}.Debug|Any CPU.Build.0 = Debug|Any CPU
		{1829F46F-66CF-BE7D-2480-50C7E7347AC9}.Release|Any CPU.ActiveCfg = Release|Any CPU
		{1829F46F-66CF-BE7D-2480-50C7E7347AC9}.Release|Any CPU.Build.0 = Release|Any CPU
		{D9CBF46F-3677-13A0-CF62-4A0A8D0BF299}.Debug|Any CPU.ActiveCfg = Debug|Any CPU
		{D9CBF46F-3677-13A0-CF62-4A0A8D0BF299}.Debug|Any CPU.Build.0 = Debug|Any CPU
		{D9CBF46F-3677-13A0-CF62-4A0A8D0BF299}.Release|Any CPU.ActiveCfg = Release|Any CPU
		{D9CBF46F-3677-13A0-CF62-4A0A8D0BF299}.Release|Any CPU.Build.0 = Release|Any CPU
		{211B4024-4651-48CD-2839-5F158BB822AE}.Debug|Any CPU.ActiveCfg = Debug|Any CPU
		{211B4024-4651-48CD-2839-5F158BB822AE}.Debug|Any CPU.Build.0 = Debug|Any CPU
		{211B4024-4651-48CD-2839-5F158BB822AE}.Release|Any CPU.ActiveCfg = Release|Any CPU
		{211B4024-4651-48CD-2839-5F158BB822AE}.Release|Any CPU.Build.0 = Release|Any CPU
	EndGlobalSection
	GlobalSection(SolutionProperties) = preSolution
		HideSolutionNode = FALSE
	EndGlobalSection
EndGlobal
